
Microsoft Visual Studio Solution File, Format Version 12.00
# Visual Studio Version 17
VisualStudioVersion = 17.4.33213.308
MinimumVisualStudioVersion = 10.0.40219.1
Project("{FAE04EC0-301F-11D3-BF4B-00C04F79EFBC}") = "Backend", "Backend\Backend.csproj", "{AC1ABB93-131A-49FA-A058-7B9042881DA3}"
EndProject
Project("{FAE04EC0-301F-11D3-BF4B-00C04F79EFBC}") = "Core", "Core\Core.csproj", "{0836C152-DEB6-4277-AA15-491AFF6AFA4D}"
EndProject
Global
	GlobalSection(SolutionConfigurationPlatforms) = preSolution
		Debug|Any CPU = Debug|Any CPU
		Release|Any CPU = Release|Any CPU
	EndGlobalSection
	GlobalSection(ProjectConfigurationPlatforms) = postSolution
		{AC1ABB93-131A-49FA-A058-7B9042881DA3}.Debug|Any CPU.ActiveCfg = Debug|Any CPU
		{AC1ABB93-131A-49FA-A058-7B9042881DA3}.Debug|Any CPU.Build.0 = Debug|Any CPU
		{AC1ABB93-131A-49FA-A058-7B9042881DA3}.Release|Any CPU.ActiveCfg = Release|Any CPU
		{AC1ABB93-131A-49FA-A058-7B9042881DA3}.Release|Any CPU.Build.0 = Release|Any CPU
		{0836C152-DEB6-4277-AA15-491AFF6AFA4D}.Debug|Any CPU.ActiveCfg = Debug|Any CPU
		{0836C152-DEB6-4277-AA15-491AFF6AFA4D}.Debug|Any CPU.Build.0 = Debug|Any CPU
		{0836C152-DEB6-4277-AA15-491AFF6AFA4D}.Release|Any CPU.ActiveCfg = Release|Any CPU
		{0836C152-DEB6-4277-AA15-491AFF6AFA4D}.Release|Any CPU.Build.0 = Release|Any CPU
	EndGlobalSection
	GlobalSection(SolutionProperties) = preSolution
		HideSolutionNode = FALSE
	EndGlobalSection
	GlobalSection(ExtensibilityGlobals) = postSolution
		SolutionGuid = {E2A405FF-9ABF-41CB-94A8-82112E3405E2}
	EndGlobalSection
EndGlobal
