
Microsoft Visual Studio Solution File, Format Version 12.00
# Visual Studio Version 17
VisualStudioVersion = 17.4.33122.133
MinimumVisualStudioVersion = 10.0.40219.1
Project("{9A19103F-16F7-4668-BE54-9A1E7A4F7556}") = "Backend", "Backend.csproj", "{56BFA823-C730-4827-BD9E-6D73E484C8DD}"
EndProject
Project("{FAE04EC0-301F-11D3-BF4B-00C04F79EFBC}") = "Core", "..\Core\Core.csproj", "{AC944330-E6D6-4E55-A34D-C6773FF0128B}"
EndProject
Global
	GlobalSection(SolutionConfigurationPlatforms) = preSolution
		Debug|Any CPU = Debug|Any CPU
		Release|Any CPU = Release|Any CPU
	EndGlobalSection
	GlobalSection(ProjectConfigurationPlatforms) = postSolution
		{56BFA823-C730-4827-BD9E-6D73E484C8DD}.Debug|Any CPU.ActiveCfg = Debug|Any CPU
		{56BFA823-C730-4827-BD9E-6D73E484C8DD}.Debug|Any CPU.Build.0 = Debug|Any CPU
		{56BFA823-C730-4827-BD9E-6D73E484C8DD}.Release|Any CPU.ActiveCfg = Release|Any CPU
		{56BFA823-C730-4827-BD9E-6D73E484C8DD}.Release|Any CPU.Build.0 = Release|Any CPU
		{AC944330-E6D6-4E55-A34D-C6773FF0128B}.Debug|Any CPU.ActiveCfg = Debug|Any CPU
		{AC944330-E6D6-4E55-A34D-C6773FF0128B}.Debug|Any CPU.Build.0 = Debug|Any CPU
		{AC944330-E6D6-4E55-A34D-C6773FF0128B}.Release|Any CPU.ActiveCfg = Release|Any CPU
		{AC944330-E6D6-4E55-A34D-C6773FF0128B}.Release|Any CPU.Build.0 = Release|Any CPU
	EndGlobalSection
	GlobalSection(SolutionProperties) = preSolution
		HideSolutionNode = FALSE
	EndGlobalSection
	GlobalSection(ExtensibilityGlobals) = postSolution
		SolutionGuid = {7BDD4EA7-E4F7-4A7F-AD49-F1907F6EA753}
	EndGlobalSection
EndGlobal
